
Microsoft Visual Studio Solution File, Format Version 12.00
# Visual Studio 2013
VisualStudioVersion = 12.0.31101.0
MinimumVisualStudioVersion = 10.0.40219.1
Project("{FAE04EC0-301F-11D3-BF4B-00C04F79EFBC}") = "APM.WebAPI", "APM.WebAPI\APM.WebAPI.csproj", "{78396DB2-C18C-4907-AAEB-610468682270}"
EndProject
Project("{E24C65DC-7377-472B-9ABA-BC803B73C61A}") = "APM.Client(2)", "http://localhost:57837", "{6DB79C6E-ECB3-4E71-B85B-8E16A9A955FF}"
	ProjectSection(WebsiteProperties) = preProject
		UseIISExpress = "true"
		TargetFrameworkMoniker = ".NETFramework,Version%3Dv4.5"
		Debug.AspNetCompiler.VirtualPath = "/localhost_57837"
		Debug.AspNetCompiler.PhysicalPath = "APM.Client\"
		Debug.AspNetCompiler.TargetPath = "PrecompiledWeb\localhost_57837\"
		Debug.AspNetCompiler.Updateable = "true"
		Debug.AspNetCompiler.ForceOverwrite = "true"
		Debug.AspNetCompiler.FixedNames = "false"
		Debug.AspNetCompiler.Debug = "True"
		Release.AspNetCompiler.VirtualPath = "/localhost_57837"
		Release.AspNetCompiler.PhysicalPath = "APM.Client\"
		Release.AspNetCompiler.TargetPath = "PrecompiledWeb\localhost_57837\"
		Release.AspNetCompiler.Updateable = "true"
		Release.AspNetCompiler.ForceOverwrite = "true"
		Release.AspNetCompiler.FixedNames = "false"
		Release.AspNetCompiler.Debug = "False"
		SlnRelativePath = "APM.Client\"
		DefaultWebSiteLanguage = "Visual C#"
	EndProjectSection
EndProject
Global
	GlobalSection(SolutionConfigurationPlatforms) = preSolution
		Debug|Any CPU = Debug|Any CPU
		Release|Any CPU = Release|Any CPU
	EndGlobalSection
	GlobalSection(ProjectConfigurationPlatforms) = postSolution
		{78396DB2-C18C-4907-AAEB-610468682270}.Debug|Any CPU.ActiveCfg = Debug|Any CPU
		{78396DB2-C18C-4907-AAEB-610468682270}.Debug|Any CPU.Build.0 = Debug|Any CPU
		{78396DB2-C18C-4907-AAEB-610468682270}.Release|Any CPU.ActiveCfg = Release|Any CPU
		{78396DB2-C18C-4907-AAEB-610468682270}.Release|Any CPU.Build.0 = Release|Any CPU
		{6DB79C6E-ECB3-4E71-B85B-8E16A9A955FF}.Debug|Any CPU.ActiveCfg = Debug|Any CPU
		{6DB79C6E-ECB3-4E71-B85B-8E16A9A955FF}.Debug|Any CPU.Build.0 = Debug|Any CPU
		{6DB79C6E-ECB3-4E71-B85B-8E16A9A955FF}.Release|Any CPU.ActiveCfg = Debug|Any CPU
		{6DB79C6E-ECB3-4E71-B85B-8E16A9A955FF}.Release|Any CPU.Build.0 = Debug|Any CPU
	EndGlobalSection
	GlobalSection(SolutionProperties) = preSolution
		HideSolutionNode = FALSE
	EndGlobalSection
EndGlobal
